{
  "version": 1,
  "dependencies": {
    ".NETFramework,Version=v4.7.2": {
      "Blend.Interctivity.WPF.v4.0": {
        "type": "Direct",
        "requested": "[1.0.3, )",
        "resolved": "1.0.3",
        "contentHash": "MZPw1X5alKniDa7fh4dtKO9cVer1bp2qAGwTjtx3p29AvULtxQQz78CFflniwAUUwjPfi302Ky0INJJUvcIccA=="
      },
      "Microsoft.Windows.SDK.Contracts": {
        "type": "Direct",
        "requested": "[10.0.18362.2005, )",
        "resolved": "10.0.18362.2005",
        "contentHash": "3R3uDDGRSdeRdHpor1SyN3qg/VmseKjcKFIAQJ0iRnzoCPvnlCcnSGaNsjqVSzHQHbBSBtSKVBxBS2GyEw8qhw==",
        "dependencies": {
          "System.Runtime.WindowsRuntime": "4.6.0",
          "System.Runtime.WindowsRuntime.UI.Xaml": "4.6.0"
        }
      },
      "ModernWpfUI": {
        "type": "Direct",
        "requested": "[0.8.1, )",
        "resolved": "0.8.1",
        "contentHash": "QfqA7evl9JKqnWYZB+GGtawI6/mz4eE/eKkaBR/8RTsHoUfIMeYtKZbWNvS9Xgxf7L6mH+474PbLvCPPdkDlTw==",
        "dependencies": {
          "System.Runtime.WindowsRuntime": "4.7.0",
          "System.ValueTuple": "4.5.0"
        }
      },
      "ModernWpfUI.MahApps": {
        "type": "Direct",
        "requested": "[0.8.0, )",
        "resolved": "0.8.0",
        "contentHash": "Xs1uceIDo/MSEBPkqaYBDSY5KdQ8IvURYh0Nuetp+MjcdfZA0ACpvdKqmgLBCDyM+oUq8QvzaG5HfOuiFZLTVQ==",
        "dependencies": {
          "MahApps.Metro": "2.0.0-alpha0660",
          "ModernWpfUI": "0.8.0"
        }
      },
      "Newtonsoft.Json": {
        "type": "Direct",
        "requested": "[12.0.3, )",
        "resolved": "12.0.3",
        "contentHash": "6mgjfnRB4jKMlzHSl+VD+oUc1IebOZabkbyWj2RiTgWwYPPuaK1H97G1sHqGwPlS5npiF5Q0OrxN1wni2n5QWg=="
      },
      "Octokit": {
        "type": "Direct",
        "requested": "[0.47.0, )",
        "resolved": "0.47.0",
        "contentHash": "q1TWsMEjxG7Eb7YFrXm3MWgSPsMvPKxrIF//tuUPd9i/SS/fG7PerKr088E8AOoAFcHqMqouSrW0iAg2WgskDA=="
      },
      "Tools.InnoSetup": {
        "type": "Direct",
        "requested": "[6.0.5, )",
        "resolved": "6.0.5",
        "contentHash": "IaX3DWvgvf6YQk4lRCCfZq0rnJhs731FPz822Z+y+fBMnRCQacIjayptEWwSnZXijn5u671wPN6Y3kBZojO9fQ=="
      },
      "ControlzEx": {
        "type": "Transitive",
        "resolved": "4.2.0",
        "contentHash": "yZJ8a7L1txNZfEfDLRKl5bLHdmmuK7Gmg2h8NxyuEQcSGeLKG2XsMXAgVCvmGrwLcduqSx+fFWqoDPLk0g9BLQ==",
        "dependencies": {
          "Microsoft.Xaml.Behaviors.Wpf": "1.1.3"
        }
      },
      "MahApps.Metro": {
        "type": "Transitive",
        "resolved": "2.0.0-alpha0660",
        "contentHash": "g8COdwEs4pH5FVbKHU98RxejaJi3tQY29dFw+Yu9XGNckGXhyKBmsgk7wvKJy9EXVBI4+kSQw+ZqFgJgSXZBew==",
        "dependencies": {
          "ControlzEx": "[4.2.0, 5.0.0)"
        }
      },
      "Microsoft.Xaml.Behaviors.Wpf": {
        "type": "Transitive",
        "resolved": "1.1.3",
        "contentHash": "Nj5tRPkKQpIFg7HcXzV1P/1CLk1NtkoJLE0IMKCHZfKMiBWdy6TssdOUT2OHw8L4eKP65lG+OElNR3xdaeW+gQ=="
      },
      "System.Runtime.WindowsRuntime": {
        "type": "Transitive",
        "resolved": "4.7.0",
        "contentHash": "RQxUkf37fp7MSWbOfKRjUjyudyfZb2u79YY5i1s+d7vuD80A7kmr2YfefO0JprQUhanxSm8bhXigCVfX2kEh+w=="
      },
      "System.Runtime.WindowsRuntime.UI.Xaml": {
        "type": "Transitive",
        "resolved": "4.6.0",
        "contentHash": "r4tNw5v5kqRJ9HikWpcyNf3suGw7DjX93svj9iBjtdeLqL8jt9Z+7f+s4wrKZJr84u8IMsrIjt8K6jYvkRqMSg==",
        "dependencies": {
          "System.Runtime.WindowsRuntime": "4.6.0"
        }
      },
      "System.ValueTuple": {
        "type": "Transitive",
        "resolved": "4.5.0",
        "contentHash": "okurQJO6NRE/apDIP23ajJ0hpiNmJ+f0BwOlB/cSqTLQlw5upkf+5+96+iG2Jw40G1fCVCyPz/FhIABUjMR+RQ=="
      }
    },
    ".NETFramework,Version=v4.7.2/win": {},
    ".NETFramework,Version=v4.7.2/win-x64": {},
    ".NETFramework,Version=v4.7.2/win-x86": {}
  }
}